// !$*UTF8*$!
{
	archiveVersion = 1;
	classes = {
	};
	objectVersion = 50;
	objects = {

/* Begin PBXBuildFile section */
		1D000473228D0AD100D17690 /* AppDelegate.m in Sources */ = {isa = PBXBuildFile; fileRef = 1D000472228D0AD100D17690 /* AppDelegate.m */; };
		1D000476228D0AD100D17690 /* ViewController.m in Sources */ = {isa = PBXBuildFile; fileRef = 1D000475228D0AD100D17690 /* ViewController.m */; };
		1D000479228D0AD100D17690 /* Main.storyboard in Resources */ = {isa = PBXBuildFile; fileRef = 1D000477228D0AD100D17690 /* Main.storyboard */; };
		1D00047B228D0AD300D17690 /* Assets.xcassets in Resources */ = {isa = PBXBuildFile; fileRef = 1D00047A228D0AD300D17690 /* Assets.xcassets */; };
		1D00047E228D0AD300D17690 /* LaunchScreen.storyboard in Resources */ = {isa = PBXBuildFile; fileRef = 1D00047C228D0AD300D17690 /* LaunchScreen.storyboard */; };
		1D000481228D0AD300D17690 /* main.m in Sources */ = {isa = PBXBuildFile; fileRef = 1D000480228D0AD300D17690 /* main.m */; };
		1D00048B228D0AD300D17690 /* YQHPhotoBrowserDemoTests.m in Sources */ = {isa = PBXBuildFile; fileRef = 1D00048A228D0AD300D17690 /* YQHPhotoBrowserDemoTests.m */; };
		1D000496228D0AD300D17690 /* YQHPhotoBrowserDemoUITests.m in Sources */ = {isa = PBXBuildFile; fileRef = 1D000495228D0AD300D17690 /* YQHPhotoBrowserDemoUITests.m */; };
		54CC019D697A23D4E7623396 /* Pods_YQHPhotoBrowserDemo.framework in Frameworks */ = {isa = PBXBuildFile; fileRef = 8F6CEAA0E9A4E788E1DD3B76 /* Pods_YQHPhotoBrowserDemo.framework */; };
		744BC8295E76DB4716BD2AC6 /* Pods_YQHPhotoBrowserDemoUITests.framework in Frameworks */ = {isa = PBXBuildFile; fileRef = 328CBBAB9645C30EE6301079 /* Pods_YQHPhotoBrowserDemoUITests.framework */; };
		D46116F1CD337E14D3B50B72 /* Pods_YQHPhotoBrowserDemoTests.framework in Frameworks */ = {isa = PBXBuildFile; fileRef = 8C84C844C66F6D3825F63139 /* Pods_YQHPhotoBrowserDemoTests.framework */; };
/* End PBXBuildFile section */

/* Begin PBXContainerItemProxy section */
		1D000487228D0AD300D17690 /* PBXContainerItemProxy */ = {
			isa = PBXContainerItemProxy;
			containerPortal = 1D000466228D0AD100D17690 /* Project object */;
			proxyType = 1;
			remoteGlobalIDString = 1D00046D228D0AD100D17690;
			remoteInfo = YQHPhotoBrowserDemo;
		};
		1D000492228D0AD300D17690 /* PBXContainerItemProxy */ = {
			isa = PBXContainerItemProxy;
			containerPortal = 1D000466228D0AD100D17690 /* Project object */;
			proxyType = 1;
			remoteGlobalIDString = 1D00046D228D0AD100D17690;
			remoteInfo = YQHPhotoBrowserDemo;
		};
/* End PBXContainerItemProxy section */

/* Begin PBXFileReference section */
		1D00046E228D0AD100D17690 /* YQHPhotoBrowserDemo.app */ = {isa = PBXFileReference; explicitFileType = wrapper.application; includeInIndex = 0; path = YQHPhotoBrowserDemo.app; sourceTree = BUILT_PRODUCTS_DIR; };
		1D000471228D0AD100D17690 /* AppDelegate.h */ = {isa = PBXFileReference; lastKnownFileType = sourcecode.c.h; path = AppDelegate.h; sourceTree = "<group>"; };
		1D000472228D0AD100D17690 /* AppDelegate.m */ = {isa = PBXFileReference; lastKnownFileType = sourcecode.c.objc; path = AppDelegate.m; sourceTree = "<group>"; };
		1D000474228D0AD100D17690 /* ViewController.h */ = {isa = PBXFileReference; lastKnownFileType = sourcecode.c.h; path = ViewController.h; sourceTree = "<group>"; };
		1D000475228D0AD100D17690 /* ViewController.m */ = {isa = PBXFileReference; lastKnownFileType = sourcecode.c.objc; path = ViewController.m; sourceTree = "<group>"; };
		1D000478228D0AD100D17690 /* Base */ = {isa = PBXFileReference; lastKnownFileType = file.storyboard; name = Base; path = Base.lproj/Main.storyboard; sourceTree = "<group>"; };
		1D00047A228D0AD300D17690 /* Assets.xcassets */ = {isa = PBXFileReference; lastKnownFileType = folder.assetcatalog; path = Assets.xcassets; sourceTree = "<group>"; };
		1D00047D228D0AD300D17690 /* Base */ = {isa = PBXFileReference; lastKnownFileType = file.storyboard; name = Base; path = Base.lproj/LaunchScreen.storyboard; sourceTree = "<group>"; };
		1D00047F228D0AD300D17690 /* Info.plist */ = {isa = PBXFileReference; lastKnownFileType = text.plist.xml; path = Info.plist; sourceTree = "<group>"; };
		1D000480228D0AD300D17690 /* main.m */ = {isa = PBXFileReference; lastKnownFileType = sourcecode.c.objc; path = main.m; sourceTree = "<group>"; };
		1D000486228D0AD300D17690 /* YQHPhotoBrowserDemoTests.xctest */ = {isa = PBXFileReference; explicitFileType = wrapper.cfbundle; includeInIndex = 0; path = YQHPhotoBrowserDemoTests.xctest; sourceTree = BUILT_PRODUCTS_DIR; };
		1D00048A228D0AD300D17690 /* YQHPhotoBrowserDemoTests.m */ = {isa = PBXFileReference; lastKnownFileType = sourcecode.c.objc; path = YQHPhotoBrowserDemoTests.m; sourceTree = "<group>"; };
		1D00048C228D0AD300D17690 /* Info.plist */ = {isa = PBXFileReference; lastKnownFileType = text.plist.xml; path = Info.plist; sourceTree = "<group>"; };
		1D000491228D0AD300D17690 /* YQHPhotoBrowserDemoUITests.xctest */ = {isa = PBXFileReference; explicitFileType = wrapper.cfbundle; includeInIndex = 0; path = YQHPhotoBrowserDemoUITests.xctest; sourceTree = BUILT_PRODUCTS_DIR; };
		1D000495228D0AD300D17690 /* YQHPhotoBrowserDemoUITests.m */ = {isa = PBXFileReference; lastKnownFileType = sourcecode.c.objc; path = YQHPhotoBrowserDemoUITests.m; sourceTree = "<group>"; };
		1D000497228D0AD300D17690 /* Info.plist */ = {isa = PBXFileReference; lastKnownFileType = text.plist.xml; path = Info.plist; sourceTree = "<group>"; };
		328CBBAB9645C30EE6301079 /* Pods_YQHPhotoBrowserDemoUITests.framework */ = {isa = PBXFileReference; explicitFileType = wrapper.framework; includeInIndex = 0; path = Pods_YQHPhotoBrowserDemoUITests.framework; sourceTree = BUILT_PRODUCTS_DIR; };
		41814198009170613796D54D /* Pods-YQHPhotoBrowserDemo.debug.xcconfig */ = {isa = PBXFileReference; includeInIndex = 1; lastKnownFileType = text.xcconfig; name = "Pods-YQHPhotoBrowserDemo.debug.xcconfig"; path = "Target Support Files/Pods-YQHPhotoBrowserDemo/Pods-YQHPhotoBrowserDemo.debug.xcconfig"; sourceTree = "<group>"; };
		467E5FA2CBC47D06B6694C4A /* Pods-YQHPhotoBrowserDemoTests.release.xcconfig */ = {isa = PBXFileReference; includeInIndex = 1; lastKnownFileType = text.xcconfig; name = "Pods-YQHPhotoBrowserDemoTests.release.xcconfig"; path = "Target Support Files/Pods-YQHPhotoBrowserDemoTests/Pods-YQHPhotoBrowserDemoTests.release.xcconfig"; sourceTree = "<group>"; };
		61341A02458A0F53182A8809 /* Pods-YQHPhotoBrowserDemoUITests.debug.xcconfig */ = {isa = PBXFileReference; includeInIndex = 1; lastKnownFileType = text.xcconfig; name = "Pods-YQHPhotoBrowserDemoUITests.debug.xcconfig"; path = "Target Support Files/Pods-YQHPhotoBrowserDemoUITests/Pods-YQHPhotoBrowserDemoUITests.debug.xcconfig"; sourceTree = "<group>"; };
		8C84C844C66F6D3825F63139 /* Pods_YQHPhotoBrowserDemoTests.framework */ = {isa = PBXFileReference; explicitFileType = wrapper.framework; includeInIndex = 0; path = Pods_YQHPhotoBrowserDemoTests.framework; sourceTree = BUILT_PRODUCTS_DIR; };
		8F6CEAA0E9A4E788E1DD3B76 /* Pods_YQHPhotoBrowserDemo.framework */ = {isa = PBXFileReference; explicitFileType = wrapper.framework; includeInIndex = 0; path = Pods_YQHPhotoBrowserDemo.framework; sourceTree = BUILT_PRODUCTS_DIR; };
		B875DAB46E40BA5F279EEBCB /* Pods-YQHPhotoBrowserDemoUITests.release.xcconfig */ = {isa = PBXFileReference; includeInIndex = 1; lastKnownFileType = text.xcconfig; name = "Pods-YQHPhotoBrowserDemoUITests.release.xcconfig"; path = "Target Support Files/Pods-YQHPhotoBrowserDemoUITests/Pods-YQHPhotoBrowserDemoUITests.release.xcconfig"; sourceTree = "<group>"; };
		C1B717E923A87FAFB3C50025 /* Pods-YQHPhotoBrowserDemo.release.xcconfig */ = {isa = PBXFileReference; includeInIndex = 1; lastKnownFileType = text.xcconfig; name = "Pods-YQHPhotoBrowserDemo.release.xcconfig"; path = "Target Support Files/Pods-YQHPhotoBrowserDemo/Pods-YQHPhotoBrowserDemo.release.xcconfig"; sourceTree = "<group>"; };
		F8C08B5378AF1827024D9261 /* Pods-YQHPhotoBrowserDemoTests.debug.xcconfig */ = {isa = PBXFileReference; includeInIndex = 1; lastKnownFileType = text.xcconfig; name = "Pods-YQHPhotoBrowserDemoTests.debug.xcconfig"; path = "Target Support Files/Pods-YQHPhotoBrowserDemoTests/Pods-YQHPhotoBrowserDemoTests.debug.xcconfig"; sourceTree = "<group>"; };
/* End PBXFileReference section */

/* Begin PBXFrameworksBuildPhase section */
		1D00046B228D0AD100D17690 /* Frameworks */ = {
			isa = PBXFrameworksBuildPhase;
			buildActionMask = 2147483647;
			files = (
				54CC019D697A23D4E7623396 /* Pods_YQHPhotoBrowserDemo.framework in Frameworks */,
			);
			runOnlyForDeploymentPostprocessing = 0;
		};
		1D000483228D0AD300D17690 /* Frameworks */ = {
			isa = PBXFrameworksBuildPhase;
			buildActionMask = 2147483647;
			files = (
				D46116F1CD337E14D3B50B72 /* Pods_YQHPhotoBrowserDemoTests.framework in Frameworks */,
			);
			runOnlyForDeploymentPostprocessing = 0;
		};
		1D00048E228D0AD300D17690 /* Frameworks */ = {
			isa = PBXFrameworksBuildPhase;
			buildActionMask = 2147483647;
			files = (
				744BC8295E76DB4716BD2AC6 /* Pods_YQHPhotoBrowserDemoUITests.framework in Frameworks */,
			);
			runOnlyForDeploymentPostprocessing = 0;
		};
/* End PBXFrameworksBuildPhase section */

/* Begin PBXGroup section */
		0CF903A1D436B7E434B7A1D8 /* Frameworks */ = {
			isa = PBXGroup;
			children = (
				8F6CEAA0E9A4E788E1DD3B76 /* Pods_YQHPhotoBrowserDemo.framework */,
				8C84C844C66F6D3825F63139 /* Pods_YQHPhotoBrowserDemoTests.framework */,
				328CBBAB9645C30EE6301079 /* Pods_YQHPhotoBrowserDemoUITests.framework */,
			);
			name = Frameworks;
			sourceTree = "<group>";
		};
		1D000465228D0AD100D17690 = {
			isa = PBXGroup;
			children = (
				1D000470228D0AD100D17690 /* YQHPhotoBrowserDemo */,
				1D000489228D0AD300D17690 /* YQHPhotoBrowserDemoTests */,
				1D000494228D0AD300D17690 /* YQHPhotoBrowserDemoUITests */,
				1D00046F228D0AD100D17690 /* Products */,
				A7880D4D6E7988EDE19D92D6 /* Pods */,
				0CF903A1D436B7E434B7A1D8 /* Frameworks */,
			);
			sourceTree = "<group>";
		};
		1D00046F228D0AD100D17690 /* Products */ = {
			isa = PBXGroup;
			children = (
				1D00046E228D0AD100D17690 /* YQHPhotoBrowserDemo.app */,
				1D000486228D0AD300D17690 /* YQHPhotoBrowserDemoTests.xctest */,
				1D000491228D0AD300D17690 /* YQHPhotoBrowserDemoUITests.xctest */,
			);
			name = Products;
			sourceTree = "<group>";
		};
		1D000470228D0AD100D17690 /* YQHPhotoBrowserDemo */ = {
			isa = PBXGroup;
			children = (
				1D000471228D0AD100D17690 /* AppDelegate.h */,
				1D000472228D0AD100D17690 /* AppDelegate.m */,
				1D000474228D0AD100D17690 /* ViewController.h */,
				1D000475228D0AD100D17690 /* ViewController.m */,
				1D000477228D0AD100D17690 /* Main.storyboard */,
				1D00047A228D0AD300D17690 /* Assets.xcassets */,
				1D00047C228D0AD300D17690 /* LaunchScreen.storyboard */,
				1D00047F228D0AD300D17690 /* Info.plist */,
				1D000480228D0AD300D17690 /* main.m */,
			);
			path = YQHPhotoBrowserDemo;
			sourceTree = "<group>";
		};
		1D000489228D0AD300D17690 /* YQHPhotoBrowserDemoTests */ = {
			isa = PBXGroup;
			children = (
				1D00048A228D0AD300D17690 /* YQHPhotoBrowserDemoTests.m */,
				1D00048C228D0AD300D17690 /* Info.plist */,
			);
			path = YQHPhotoBrowserDemoTests;
			sourceTree = "<group>";
		};
		1D000494228D0AD300D17690 /* YQHPhotoBrowserDemoUITests */ = {
			isa = PBXGroup;
			children = (
				1D000495228D0AD300D17690 /* YQHPhotoBrowserDemoUITests.m */,
				1D000497228D0AD300D17690 /* Info.plist */,
			);
			path = YQHPhotoBrowserDemoUITests;
			sourceTree = "<group>";
		};
		A7880D4D6E7988EDE19D92D6 /* Pods */ = {
			isa = PBXGroup;
			children = (
				41814198009170613796D54D /* Pods-YQHPhotoBrowserDemo.debug.xcconfig */,
				C1B717E923A87FAFB3C50025 /* Pods-YQHPhotoBrowserDemo.release.xcconfig */,
				F8C08B5378AF1827024D9261 /* Pods-YQHPhotoBrowserDemoTests.debug.xcconfig */,
				467E5FA2CBC47D06B6694C4A /* Pods-YQHPhotoBrowserDemoTests.release.xcconfig */,
				61341A02458A0F53182A8809 /* Pods-YQHPhotoBrowserDemoUITests.debug.xcconfig */,
				B875DAB46E40BA5F279EEBCB /* Pods-YQHPhotoBrowserDemoUITests.release.xcconfig */,
			);
			name = Pods;
			path = Pods;
			sourceTree = "<group>";
		};
/* End PBXGroup section */

/* Begin PBXNativeTarget section */
		1D00046D228D0AD100D17690 /* YQHPhotoBrowserDemo */ = {
			isa = PBXNativeTarget;
			buildConfigurationList = 1D00049A228D0AD300D17690 /* Build configuration list for PBXNativeTarget "YQHPhotoBrowserDemo" */;
			buildPhases = (
				7D60D47AB2A1856A1F2BFB9F /* [CP] Check Pods Manifest.lock */,
				1D00046A228D0AD100D17690 /* Sources */,
				1D00046B228D0AD100D17690 /* Frameworks */,
				1D00046C228D0AD100D17690 /* Resources */,
			);
			buildRules = (
			);
			dependencies = (
			);
			name = YQHPhotoBrowserDemo;
			productName = YQHPhotoBrowserDemo;
			productReference = 1D00046E228D0AD100D17690 /* YQHPhotoBrowserDemo.app */;
			productType = "com.apple.product-type.application";
		};
		1D000485228D0AD300D17690 /* YQHPhotoBrowserDemoTests */ = {
			isa = PBXNativeTarget;
			buildConfigurationList = 1D00049D228D0AD300D17690 /* Build configuration list for PBXNativeTarget "YQHPhotoBrowserDemoTests" */;
			buildPhases = (
				2984EC2D03304596D554772C /* [CP] Check Pods Manifest.lock */,
				1D000482228D0AD300D17690 /* Sources */,
				1D000483228D0AD300D17690 /* Frameworks */,
				1D000484228D0AD300D17690 /* Resources */,
			);
			buildRules = (
			);
			dependencies = (
				1D000488228D0AD300D17690 /* PBXTargetDependency */,
			);
			name = YQHPhotoBrowserDemoTests;
			productName = YQHPhotoBrowserDemoTests;
			productReference = 1D000486228D0AD300D17690 /* YQHPhotoBrowserDemoTests.xctest */;
			productType = "com.apple.product-type.bundle.unit-test";
		};
		1D000490228D0AD300D17690 /* YQHPhotoBrowserDemoUITests */ = {
			isa = PBXNativeTarget;
			buildConfigurationList = 1D0004A0228D0AD300D17690 /* Build configuration list for PBXNativeTarget "YQHPhotoBrowserDemoUITests" */;
			buildPhases = (
				2849C0CC47F8FF9451ED3749 /* [CP] Check Pods Manifest.lock */,
				1D00048D228D0AD300D17690 /* Sources */,
				1D00048E228D0AD300D17690 /* Frameworks */,
				1D00048F228D0AD300D17690 /* Resources */,
			);
			buildRules = (
			);
			dependencies = (
				1D000493228D0AD300D17690 /* PBXTargetDependency */,
			);
			name = YQHPhotoBrowserDemoUITests;
			productName = YQHPhotoBrowserDemoUITests;
			productReference = 1D000491228D0AD300D17690 /* YQHPhotoBrowserDemoUITests.xctest */;
			productType = "com.apple.product-type.bundle.ui-testing";
		};
/* End PBXNativeTarget section */

/* Begin PBXProject section */
		1D000466228D0AD100D17690 /* Project object */ = {
			isa = PBXProject;
			attributes = {
				LastUpgradeCheck = 1020;
				ORGANIZATIONNAME = "杨棋贺";
				TargetAttributes = {
					1D00046D228D0AD100D17690 = {
						CreatedOnToolsVersion = 10.2.1;
					};
					1D000485228D0AD300D17690 = {
						CreatedOnToolsVersion = 10.2.1;
						TestTargetID = 1D00046D228D0AD100D17690;
					};
					1D000490228D0AD300D17690 = {
						CreatedOnToolsVersion = 10.2.1;
						TestTargetID = 1D00046D228D0AD100D17690;
					};
				};
			};
			buildConfigurationList = 1D000469228D0AD100D17690 /* Build configuration list for PBXProject "YQHPhotoBrowserDemo" */;
			compatibilityVersion = "Xcode 9.3";
			developmentRegion = en;
			hasScannedForEncodings = 0;
			knownRegions = (
				en,
				Base,
			);
			mainGroup = 1D000465228D0AD100D17690;
			productRefGroup = 1D00046F228D0AD100D17690 /* Products */;
			projectDirPath = "";
			projectRoot = "";
			targets = (
				1D00046D228D0AD100D17690 /* YQHPhotoBrowserDemo */,
				1D000485228D0AD300D17690 /* YQHPhotoBrowserDemoTests */,
				1D000490228D0AD300D17690 /* YQHPhotoBrowserDemoUITests */,
			);
		};
/* End PBXProject section */

/* Begin PBXResourcesBuildPhase section */
		1D00046C228D0AD100D17690 /* Resources */ = {
			isa = PBXResourcesBuildPhase;
			buildActionMask = 2147483647;
			files = (
				1D00047E228D0AD300D17690 /* LaunchScreen.storyboard in Resources */,
				1D00047B228D0AD300D17690 /* Assets.xcassets in Resources */,
				1D000479228D0AD100D17690 /* Main.storyboard in Resources */,
			);
			runOnlyForDeploymentPostprocessing = 0;
		};
		1D000484228D0AD300D17690 /* Resources */ = {
			isa = PBXResourcesBuildPhase;
			buildActionMask = 2147483647;
			files = (
			);
			runOnlyForDeploymentPostprocessing = 0;
		};
		1D00048F228D0AD300D17690 /* Resources */ = {
			isa = PBXResourcesBuildPhase;
			buildActionMask = 2147483647;
			files = (
			);
			runOnlyForDeploymentPostprocessing = 0;
		};
/* End PBXResourcesBuildPhase section */

/* Begin PBXShellScriptBuildPhase section */
		2849C0CC47F8FF9451ED3749 /* [CP] Check Pods Manifest.lock */ = {
			isa = PBXShellScriptBuildPhase;
			buildActionMask = 2147483647;
			files = (
			);
			inputFileListPaths = (
			);
			inputPaths = (
				"${PODS_PODFILE_DIR_PATH}/Podfile.lock",
				"${PODS_ROOT}/Manifest.lock",
			);
			name = "[CP] Check Pods Manifest.lock";
			outputFileListPaths = (
			);
			outputPaths = (
				"$(DERIVED_FILE_DIR)/Pods-YQHPhotoBrowserDemoUITests-checkManifestLockResult.txt",
			);
			runOnlyForDeploymentPostprocessing = 0;
			shellPath = /bin/sh;
			shellScript = "diff \"${PODS_PODFILE_DIR_PATH}/Podfile.lock\" \"${PODS_ROOT}/Manifest.lock\" > /dev/null\nif [ $? != 0 ] ; then\n    # print error to STDERR\n    echo \"error: The sandbox is not in sync with the Podfile.lock. Run 'pod install' or update your CocoaPods installation.\" >&2\n    exit 1\nfi\n# This output is used by Xcode 'outputs' to avoid re-running this script phase.\necho \"SUCCESS\" > \"${SCRIPT_OUTPUT_FILE_0}\"\n";
			showEnvVarsInLog = 0;
		};
		2984EC2D03304596D554772C /* [CP] Check Pods Manifest.lock */ = {
			isa = PBXShellScriptBuildPhase;
			buildActionMask = 2147483647;
			files = (
			);
			inputFileListPaths = (
			);
			inputPaths = (
				"${PODS_PODFILE_DIR_PATH}/Podfile.lock",
				"${PODS_ROOT}/Manifest.lock",
			);
			name = "[CP] Check Pods Manifest.lock";
			outputFileListPaths = (
			);
			outputPaths = (
				"$(DERIVED_FILE_DIR)/Pods-YQHPhotoBrowserDemoTests-checkManifestLockResult.txt",
			);
			runOnlyForDeploymentPostprocessing = 0;
			shellPath = /bin/sh;
			shellScript = "diff \"${PODS_PODFILE_DIR_PATH}/Podfile.lock\" \"${PODS_ROOT}/Manifest.lock\" > /dev/null\nif [ $? != 0 ] ; then\n    # print error to STDERR\n    echo \"error: The sandbox is not in sync with the Podfile.lock. Run 'pod install' or update your CocoaPods installation.\" >&2\n    exit 1\nfi\n# This output is used by Xcode 'outputs' to avoid re-running this script phase.\necho \"SUCCESS\" > \"${SCRIPT_OUTPUT_FILE_0}\"\n";
			showEnvVarsInLog = 0;
		};
		7D60D47AB2A1856A1F2BFB9F /* [CP] Check Pods Manifest.lock */ = {
			isa = PBXShellScriptBuildPhase;
			buildActionMask = 2147483647;
			files = (
			);
			inputFileListPaths = (
			);
			inputPaths = (
				"${PODS_PODFILE_DIR_PATH}/Podfile.lock",
				"${PODS_ROOT}/Manifest.lock",
			);
			name = "[CP] Check Pods Manifest.lock";
			outputFileListPaths = (
			);
			outputPaths = (
				"$(DERIVED_FILE_DIR)/Pods-YQHPhotoBrowserDemo-checkManifestLockResult.txt",
			);
			runOnlyForDeploymentPostprocessing = 0;
			shellPath = /bin/sh;
			shellScript = "diff \"${PODS_PODFILE_DIR_PATH}/Podfile.lock\" \"${PODS_ROOT}/Manifest.lock\" > /dev/null\nif [ $? != 0 ] ; then\n    # print error to STDERR\n    echo \"error: The sandbox is not in sync with the Podfile.lock. Run 'pod install' or update your CocoaPods installation.\" >&2\n    exit 1\nfi\n# This output is used by Xcode 'outputs' to avoid re-running this script phase.\necho \"SUCCESS\" > \"${SCRIPT_OUTPUT_FILE_0}\"\n";
			showEnvVarsInLog = 0;
		};
/* End PBXShellScriptBuildPhase section */

/* Begin PBXSourcesBuildPhase section */
		1D00046A228D0AD100D17690 /* Sources */ = {
			isa = PBXSourcesBuildPhase;
			buildActionMask = 2147483647;
			files = (
				1D000476228D0AD100D17690 /* ViewController.m in Sources */,
				1D000481228D0AD300D17690 /* main.m in Sources */,
				1D000473228D0AD100D17690 /* AppDelegate.m in Sources */,
			);
			runOnlyForDeploymentPostprocessing = 0;
		};
		1D000482228D0AD300D17690 /* Sources */ = {
			isa = PBXSourcesBuildPhase;
			buildActionMask = 2147483647;
			files = (
				1D00048B228D0AD300D17690 /* YQHPhotoBrowserDemoTests.m in Sources */,
			);
			runOnlyForDeploymentPostprocessing = 0;
		};
		1D00048D228D0AD300D17690 /* Sources */ = {
			isa = PBXSourcesBuildPhase;
			buildActionMask = 2147483647;
			files = (
				1D000496228D0AD300D17690 /* YQHPhotoBrowserDemoUITests.m in Sources */,
			);
			runOnlyForDeploymentPostprocessing = 0;
		};
/* End PBXSourcesBuildPhase section */

/* Begin PBXTargetDependency section */
		1D000488228D0AD300D17690 /* PBXTargetDependency */ = {
			isa = PBXTargetDependency;
			target = 1D00046D228D0AD100D17690 /* YQHPhotoBrowserDemo */;
			targetProxy = 1D000487228D0AD300D17690 /* PBXContainerItemProxy */;
		};
		1D000493228D0AD300D17690 /* PBXTargetDependency */ = {
			isa = PBXTargetDependency;
			target = 1D00046D228D0AD100D17690 /* YQHPhotoBrowserDemo */;
			targetProxy = 1D000492228D0AD300D17690 /* PBXContainerItemProxy */;
		};
/* End PBXTargetDependency section */

/* Begin PBXVariantGroup section */
		1D000477228D0AD100D17690 /* Main.storyboard */ = {
			isa = PBXVariantGroup;
			children = (
				1D000478228D0AD100D17690 /* Base */,
			);
			name = Main.storyboard;
			sourceTree = "<group>";
		};
		1D00047C228D0AD300D17690 /* LaunchScreen.storyboard */ = {
			isa = PBXVariantGroup;
			children = (
				1D00047D228D0AD300D17690 /* Base */,
			);
			name = LaunchScreen.storyboard;
			sourceTree = "<group>";
		};
/* End PBXVariantGroup section */

/* Begin XCBuildConfiguration section */
		1D000498228D0AD300D17690 /* Debug */ = {
			isa = XCBuildConfiguration;
			buildSettings = {
				ALWAYS_SEARCH_USER_PATHS = NO;
				CLANG_ANALYZER_NONNULL = YES;
				CLANG_ANALYZER_NUMBER_OBJECT_CONVERSION = YES_AGGRESSIVE;
				CLANG_CXX_LANGUAGE_STANDARD = "gnu++14";
				CLANG_CXX_LIBRARY = "libc++";
				CLANG_ENABLE_MODULES = YES;
				CLANG_ENABLE_OBJC_ARC = YES;
				CLANG_ENABLE_OBJC_WEAK = YES;
				CLANG_WARN_BLOCK_CAPTURE_AUTORELEASING = YES;
				CLANG_WARN_BOOL_CONVERSION = YES;
				CLANG_WARN_COMMA = YES;
				CLANG_WARN_CONSTANT_CONVERSION = YES;
				CLANG_WARN_DEPRECATED_OBJC_IMPLEMENTATIONS = YES;
				CLANG_WARN_DIRECT_OBJC_ISA_USAGE = YES_ERROR;
				CLANG_WARN_DOCUMENTATION_COMMENTS = YES;
				CLANG_WARN_EMPTY_BODY = YES;
				CLANG_WARN_ENUM_CONVERSION = YES;
				CLANG_WARN_INFINITE_RECURSION = YES;
				CLANG_WARN_INT_CONVERSION = YES;
				CLANG_WARN_NON_LITERAL_NULL_CONVERSION = YES;
				CLANG_WARN_OBJC_IMPLICIT_RETAIN_SELF = YES;
				CLANG_WARN_OBJC_LITERAL_CONVERSION = YES;
				CLANG_WARN_OBJC_ROOT_CLASS = YES_ERROR;
				CLANG_WARN_RANGE_LOOP_ANALYSIS = YES;
				CLANG_WARN_STRICT_PROTOTYPES = YES;
				CLANG_WARN_SUSPICIOUS_MOVE = YES;
				CLANG_WARN_UNGUARDED_AVAILABILITY = YES_AGGRESSIVE;
				CLANG_WARN_UNREACHABLE_CODE = YES;
				CLANG_WARN__DUPLICATE_METHOD_MATCH = YES;
				CODE_SIGN_IDENTITY = "iPhone Developer";
				COPY_PHASE_STRIP = NO;
				DEBUG_INFORMATION_FORMAT = dwarf;
				ENABLE_STRICT_OBJC_MSGSEND = YES;
				ENABLE_TESTABILITY = YES;
				GCC_C_LANGUAGE_STANDARD = gnu11;
				GCC_DYNAMIC_NO_PIC = NO;
				GCC_NO_COMMON_BLOCKS = YES;
				GCC_OPTIMIZATION_LEVEL = 0;
				GCC_PREPROCESSOR_DEFINITIONS = (
					"DEBUG=1",
					"$(inherited)",
				);
				GCC_WARN_64_TO_32_BIT_CONVERSION = YES;
				GCC_WARN_ABOUT_RETURN_TYPE = YES_ERROR;
				GCC_WARN_UNDECLARED_SELECTOR = YES;
				GCC_WARN_UNINITIALIZED_AUTOS = YES_AGGRESSIVE;
				GCC_WARN_UNUSED_FUNCTION = YES;
				GCC_WARN_UNUSED_VARIABLE = YES;
				IPHONEOS_DEPLOYMENT_TARGET = 12.2;
				MTL_ENABLE_DEBUG_INFO = INCLUDE_SOURCE;
				MTL_FAST_MATH = YES;
				ONLY_ACTIVE_ARCH = YES;
				SDKROOT = iphoneos;
			};
			name = Debug;
		};
		1D000499228D0AD300D17690 /* Release */ = {
			isa = XCBuildConfiguration;
			buildSettings = {
				ALWAYS_SEARCH_USER_PATHS = NO;
				CLANG_ANALYZER_NONNULL = YES;
				CLANG_ANALYZER_NUMBER_OBJECT_CONVERSION = YES_AGGRESSIVE;
				CLANG_CXX_LANGUAGE_STANDARD = "gnu++14";
				CLANG_CXX_LIBRARY = "libc++";
				CLANG_ENABLE_MODULES = YES;
				CLANG_ENABLE_OBJC_ARC = YES;
				CLANG_ENABLE_OBJC_WEAK = YES;
				CLANG_WARN_BLOCK_CAPTURE_AUTORELEASING = YES;
				CLANG_WARN_BOOL_CONVERSION = YES;
				CLANG_WARN_COMMA = YES;
				CLANG_WARN_CONSTANT_CONVERSION = YES;
				CLANG_WARN_DEPRECATED_OBJC_IMPLEMENTATIONS = YES;
				CLANG_WARN_DIRECT_OBJC_ISA_USAGE = YES_ERROR;
				CLANG_WARN_DOCUMENTATION_COMMENTS = YES;
				CLANG_WARN_EMPTY_BODY = YES;
				CLANG_WARN_ENUM_CONVERSION = YES;
				CLANG_WARN_INFINITE_RECURSION = YES;
				CLANG_WARN_INT_CONVERSION = YES;
				CLANG_WARN_NON_LITERAL_NULL_CONVERSION = YES;
				CLANG_WARN_OBJC_IMPLICIT_RETAIN_SELF = YES;
				CLANG_WARN_OBJC_LITERAL_CONVERSION = YES;
				CLANG_WARN_OBJC_ROOT_CLASS = YES_ERROR;
				CLANG_WARN_RANGE_LOOP_ANALYSIS = YES;
				CLANG_WARN_STRICT_PROTOTYPES = YES;
				CLANG_WARN_SUSPICIOUS_MOVE = YES;
				CLANG_WARN_UNGUARDED_AVAILABILITY = YES_AGGRESSIVE;
				CLANG_WARN_UNREACHABLE_CODE = YES;
				CLANG_WARN__DUPLICATE_METHOD_MATCH = YES;
				CODE_SIGN_IDENTITY = "iPhone Developer";
				COPY_PHASE_STRIP = NO;
				DEBUG_INFORMATION_FORMAT = "dwarf-with-dsym";
				ENABLE_NS_ASSERTIONS = NO;
				ENABLE_STRICT_OBJC_MSGSEND = YES;
				GCC_C_LANGUAGE_STANDARD = gnu11;
				GCC_NO_COMMON_BLOCKS = YES;
				GCC_WARN_64_TO_32_BIT_CONVERSION = YES;
				GCC_WARN_ABOUT_RETURN_TYPE = YES_ERROR;
				GCC_WARN_UNDECLARED_SELECTOR = YES;
				GCC_WARN_UNINITIALIZED_AUTOS = YES_AGGRESSIVE;
				GCC_WARN_UNUSED_FUNCTION = YES;
				GCC_WARN_UNUSED_VARIABLE = YES;
				IPHONEOS_DEPLOYMENT_TARGET = 12.2;
				MTL_ENABLE_DEBUG_INFO = NO;
				MTL_FAST_MATH = YES;
				SDKROOT = iphoneos;
				VALIDATE_PRODUCT = YES;
			};
			name = Release;
		};
		1D00049B228D0AD300D17690 /* Debug */ = {
			isa = XCBuildConfiguration;
			baseConfigurationReference = 41814198009170613796D54D /* Pods-YQHPhotoBrowserDemo.debug.xcconfig */;
			buildSettings = {
				ASSETCATALOG_COMPILER_APPICON_NAME = AppIcon;
				CODE_SIGN_STYLE = Automatic;
				DEVELOPMENT_TEAM = WHDQH7VJRK;
				INFOPLIST_FILE = YQHPhotoBrowserDemo/Info.plist;
				LD_RUNPATH_SEARCH_PATHS = (
					"$(inherited)",
					"@executable_path/Frameworks",
				);
				PRODUCT_BUNDLE_IDENTIFIER = com.yangqihe.mobile.PhotoBrowserDemo.YQHPhotoBrowserDemo;
				PRODUCT_NAME = "$(TARGET_NAME)";
				TARGETED_DEVICE_FAMILY = "1,2";
			};
			name = Debug;
		};
		1D00049C228D0AD300D17690 /* Release */ = {
			isa = XCBuildConfiguration;
			baseConfigurationReference = C1B717E923A87FAFB3C50025 /* Pods-YQHPhotoBrowserDemo.release.xcconfig */;
			buildSettings = {
				ASSETCATALOG_COMPILER_APPICON_NAME = AppIcon;
				CODE_SIGN_STYLE = Automatic;
				DEVELOPMENT_TEAM = WHDQH7VJRK;
				INFOPLIST_FILE = YQHPhotoBrowserDemo/Info.plist;
				LD_RUNPATH_SEARCH_PATHS = (
					"$(inherited)",
					"@executable_path/Frameworks",
				);
				PRODUCT_BUNDLE_IDENTIFIER = com.yangqihe.mobile.PhotoBrowserDemo.YQHPhotoBrowserDemo;
				PRODUCT_NAME = "$(TARGET_NAME)";
				TARGETED_DEVICE_FAMILY = "1,2";
			};
			name = Release;
		};
		1D00049E228D0AD300D17690 /* Debug */ = {
			isa = XCBuildConfiguration;
			baseConfigurationReference = F8C08B5378AF1827024D9261 /* Pods-YQHPhotoBrowserDemoTests.debug.xcconfig */;
			buildSettings = {
				BUNDLE_LOADER = "$(TEST_HOST)";
				CODE_SIGN_STYLE = Automatic;
				DEVELOPMENT_TEAM = WHDQH7VJRK;
				INFOPLIST_FILE = YQHPhotoBrowserDemoTests/Info.plist;
				LD_RUNPATH_SEARCH_PATHS = (
					"$(inherited)",
					"@executable_path/Frameworks",
					"@loader_path/Frameworks",
				);
				PRODUCT_BUNDLE_IDENTIFIER = com.yangqihe.mobile.PhotoBrowserDemo.YQHPhotoBrowserDemoTests;
				PRODUCT_NAME = "$(TARGET_NAME)";
				TARGETED_DEVICE_FAMILY = "1,2";
				TEST_HOST = "$(BUILT_PRODUCTS_DIR)/YQHPhotoBrowserDemo.app/YQHPhotoBrowserDemo";
			};
			name = Debug;
		};
		1D00049F228D0AD300D17690 /* Release */ = {
			isa = XCBuildConfiguration;
			baseConfigurationReference = 467E5FA2CBC47D06B6694C4A /* Pods-YQHPhotoBrowserDemoTests.release.xcconfig */;
			buildSettings = {
				BUNDLE_LOADER = "$(TEST_HOST)";
				CODE_SIGN_STYLE = Automatic;
				DEVELOPMENT_TEAM = WHDQH7VJRK;
				INFOPLIST_FILE = YQHPhotoBrowserDemoTests/Info.plist;
				LD_RUNPATH_SEARCH_PATHS = (
					"$(inherited)",
					"@executable_path/Frameworks",
					"@loader_path/Frameworks",
				);
				PRODUCT_BUNDLE_IDENTIFIER = com.yangqihe.mobile.PhotoBrowserDemo.YQHPhotoBrowserDemoTests;
				PRODUCT_NAME = "$(TARGET_NAME)";
				TARGETED_DEVICE_FAMILY = "1,2";
				TEST_HOST = "$(BUILT_PRODUCTS_DIR)/YQHPhotoBrowserDemo.app/YQHPhotoBrowserDemo";
			};
			name = Release;
		};
		1D0004A1228D0AD300D17690 /* Debug */ = {
			isa = XCBuildConfiguration;
			baseConfigurationReference = 61341A02458A0F53182A8809 /* Pods-YQHPhotoBrowserDemoUITests.debug.xcconfig */;
			buildSettings = {
				CODE_SIGN_STYLE = Automatic;
				DEVELOPMENT_TEAM = WHDQH7VJRK;
				INFOPLIST_FILE = YQHPhotoBrowserDemoUITests/Info.plist;
				LD_RUNPATH_SEARCH_PATHS = (
					"$(inherited)",
					"@executable_path/Frameworks",
					"@loader_path/Frameworks",
				);
				PRODUCT_BUNDLE_IDENTIFIER = com.yangqihe.mobile.PhotoBrowserDemo.YQHPhotoBrowserDemoUITests;
				PRODUCT_NAME = "$(TARGET_NAME)";
				TARGETED_DEVICE_FAMILY = "1,2";
				TEST_TARGET_NAME = YQHPhotoBrowserDemo;
			};
			name = Debug;
		};
		1D0004A2228D0AD300D17690 /* Release */ = {
			isa = XCBuildConfiguration;
			baseConfigurationReference = B875DAB46E40BA5F279EEBCB /* Pods-YQHPhotoBrowserDemoUITests.release.xcconfig */;
			buildSettings = {
				CODE_SIGN_STYLE = Automatic;
				DEVELOPMENT_TEAM = WHDQH7VJRK;
				INFOPLIST_FILE = YQHPhotoBrowserDemoUITests/Info.plist;
				LD_RUNPATH_SEARCH_PATHS = (
					"$(inherited)",
					"@executable_path/Frameworks",
					"@loader_path/Frameworks",
				);
				PRODUCT_BUNDLE_IDENTIFIER = com.yangqihe.mobile.PhotoBrowserDemo.YQHPhotoBrowserDemoUITests;
				PRODUCT_NAME = "$(TARGET_NAME)";
				TARGETED_DEVICE_FAMILY = "1,2";
				TEST_TARGET_NAME = YQHPhotoBrowserDemo;
			};
			name = Release;
		};
/* End XCBuildConfiguration section */

/* Begin XCConfigurationList section */
		1D000469228D0AD100D17690 /* Build configuration list for PBXProject "YQHPhotoBrowserDemo" */ = {
			isa = XCConfigurationList;
			buildConfigurations = (
				1D000498228D0AD300D17690 /* Debug */,
				1D000499228D0AD300D17690 /* Release */,
			);
			defaultConfigurationIsVisible = 0;
			defaultConfigurationName = Release;
		};
		1D00049A228D0AD300D17690 /* Build configuration list for PBXNativeTarget "YQHPhotoBrowserDemo" */ = {
			isa = XCConfigurationList;
			buildConfigurations = (
				1D00049B228D0AD300D17690 /* Debug */,
				1D00049C228D0AD300D17690 /* Release */,
			);
			defaultConfigurationIsVisible = 0;
			defaultConfigurationName = Release;
		};
		1D00049D228D0AD300D17690 /* Build configuration list for PBXNativeTarget "YQHPhotoBrowserDemoTests" */ = {
			isa = XCConfigurationList;
			buildConfigurations = (
				1D00049E228D0AD300D17690 /* Debug */,
				1D00049F228D0AD300D17690 /* Release */,
			);
			defaultConfigurationIsVisible = 0;
			defaultConfigurationName = Release;
		};
		1D0004A0228D0AD300D17690 /* Build configuration list for PBXNativeTarget "YQHPhotoBrowserDemoUITests" */ = {
			isa = XCConfigurationList;
			buildConfigurations = (
				1D0004A1228D0AD300D17690 /* Debug */,
				1D0004A2228D0AD300D17690 /* Release */,
			);
			defaultConfigurationIsVisible = 0;
			defaultConfigurationName = Release;
		};
/* End XCConfigurationList section */
	};
	rootObject = 1D000466228D0AD100D17690 /* Project object */;
}
